
Microsoft Visual Studio Solution File, Format Version 12.00
# Visual Studio Version 16
VisualStudioVersion = 16.0.29609.76
MinimumVisualStudioVersion = 10.0.40219.1
Project("{9A19103F-16F7-4668-BE54-9A1E7A4F7556}") = "AffinityProject", "AffinityProject\AffinityProject.csproj", "{B60F841D-7234-4539-BA01-0188EEB2A4E9}"
EndProject
Project("{9A19103F-16F7-4668-BE54-9A1E7A4F7556}") = "DataContext", "DataContext\DataContext.csproj", "{B6CCD1F2-BA2A-44AD-A932-5F173EC132FD}"
EndProject
Project("{9A19103F-16F7-4668-BE54-9A1E7A4F7556}") = "CustomerImport", "CustomerImport\CustomerImport.csproj", "{7CBC592E-511C-4E5E-A402-D8B3D140D96F}"
EndProject
Global
	GlobalSection(SolutionConfigurationPlatforms) = preSolution
		Debug|Any CPU = Debug|Any CPU
		Release|Any CPU = Release|Any CPU
	EndGlobalSection
	GlobalSection(ProjectConfigurationPlatforms) = postSolution
		{B60F841D-7234-4539-BA01-0188EEB2A4E9}.Debug|Any CPU.ActiveCfg = Debug|Any CPU
		{B60F841D-7234-4539-BA01-0188EEB2A4E9}.Debug|Any CPU.Build.0 = Debug|Any CPU
		{B60F841D-7234-4539-BA01-0188EEB2A4E9}.Release|Any CPU.ActiveCfg = Release|Any CPU
		{B60F841D-7234-4539-BA01-0188EEB2A4E9}.Release|Any CPU.Build.0 = Release|Any CPU
		{B6CCD1F2-BA2A-44AD-A932-5F173EC132FD}.Debug|Any CPU.ActiveCfg = Debug|Any CPU
		{B6CCD1F2-BA2A-44AD-A932-5F173EC132FD}.Debug|Any CPU.Build.0 = Debug|Any CPU
		{B6CCD1F2-BA2A-44AD-A932-5F173EC132FD}.Release|Any CPU.ActiveCfg = Release|Any CPU
		{B6CCD1F2-BA2A-44AD-A932-5F173EC132FD}.Release|Any CPU.Build.0 = Release|Any CPU
		{7CBC592E-511C-4E5E-A402-D8B3D140D96F}.Debug|Any CPU.ActiveCfg = Debug|Any CPU
		{7CBC592E-511C-4E5E-A402-D8B3D140D96F}.Debug|Any CPU.Build.0 = Debug|Any CPU
		{7CBC592E-511C-4E5E-A402-D8B3D140D96F}.Release|Any CPU.ActiveCfg = Release|Any CPU
		{7CBC592E-511C-4E5E-A402-D8B3D140D96F}.Release|Any CPU.Build.0 = Release|Any CPU
	EndGlobalSection
	GlobalSection(SolutionProperties) = preSolution
		HideSolutionNode = FALSE
	EndGlobalSection
	GlobalSection(ExtensibilityGlobals) = postSolution
		SolutionGuid = {BD05DD1F-C2FE-4E4C-830E-F229B3465063}
	EndGlobalSection
EndGlobal
